
Microsoft Visual Studio Solution File, Format Version 12.00
# Visual Studio 15
VisualStudioVersion = 15.0.27703.2047
MinimumVisualStudioVersion = 10.0.40219.1
Project("{FAE04EC0-301F-11D3-BF4B-00C04F79EFBC}") = "ShariesApp.Android", "ShariesApp\ShariesApp.Android\ShariesApp.Android.csproj", "{A0C2421A-869E-4B9E-99B0-FF769041BD5C}"
EndProject
Project("{FAE04EC0-301F-11D3-BF4B-00C04F79EFBC}") = "ShariesApp.iOS", "ShariesApp\ShariesApp.iOS\ShariesApp.iOS.csproj", "{DA274A91-8BF0-4780-97F6-FD3977D4664C}"
EndProject
Project("{FAE04EC0-301F-11D3-BF4B-00C04F79EFBC}") = "ShariesApp.UWP", "ShariesApp\ShariesApp.UWP\ShariesApp.UWP.csproj", "{D706BB8F-1FCB-4C85-9857-3C28C223F2FC}"
EndProject
Project("{D954291E-2A0B-460D-934E-DC6B0785DB48}") = "ShariesApp", "ShariesApp\ShariesApp\ShariesApp.shproj", "{AE0018EF-B99F-47E3-A887-C3900CECFB0C}"
EndProject
Global
	GlobalSection(SharedMSBuildProjectFiles) = preSolution
		ShariesApp\ShariesApp\ShariesApp.projitems*{a0c2421a-869e-4b9e-99b0-ff769041bd5c}*SharedItemsImports = 4
		ShariesApp\ShariesApp\ShariesApp.projitems*{ae0018ef-b99f-47e3-a887-c3900cecfb0c}*SharedItemsImports = 13
		ShariesApp\ShariesApp\ShariesApp.projitems*{d706bb8f-1fcb-4c85-9857-3c28c223f2fc}*SharedItemsImports = 4
		ShariesApp\ShariesApp\ShariesApp.projitems*{da274a91-8bf0-4780-97f6-fd3977d4664c}*SharedItemsImports = 4
	EndGlobalSection
	GlobalSection(SolutionConfigurationPlatforms) = preSolution
		Ad-Hoc|Any CPU = Ad-Hoc|Any CPU
		Ad-Hoc|ARM = Ad-Hoc|ARM
		Ad-Hoc|iPhone = Ad-Hoc|iPhone
		Ad-Hoc|iPhoneSimulator = Ad-Hoc|iPhoneSimulator
		Ad-Hoc|x64 = Ad-Hoc|x64
		Ad-Hoc|x86 = Ad-Hoc|x86
		AppStore|Any CPU = AppStore|Any CPU
		AppStore|ARM = AppStore|ARM
		AppStore|iPhone = AppStore|iPhone
		AppStore|iPhoneSimulator = AppStore|iPhoneSimulator
		AppStore|x64 = AppStore|x64
		AppStore|x86 = AppStore|x86
		Debug|Any CPU = Debug|Any CPU
		Debug|ARM = Debug|ARM
		Debug|iPhone = Debug|iPhone
		Debug|iPhoneSimulator = Debug|iPhoneSimulator
		Debug|x64 = Debug|x64
		Debug|x86 = Debug|x86
		Release|Any CPU = Release|Any CPU
		Release|ARM = Release|ARM
		Release|iPhone = Release|iPhone
		Release|iPhoneSimulator = Release|iPhoneSimulator
		Release|x64 = Release|x64
		Release|x86 = Release|x86
	EndGlobalSection
	GlobalSection(ProjectConfigurationPlatforms) = postSolution
		{A0C2421A-869E-4B9E-99B0-FF769041BD5C}.Ad-Hoc|Any CPU.ActiveCfg = Release|Any CPU
		{A0C2421A-869E-4B9E-99B0-FF769041BD5C}.Ad-Hoc|Any CPU.Build.0 = Release|Any CPU
		{A0C2421A-869E-4B9E-99B0-FF769041BD5C}.Ad-Hoc|Any CPU.Deploy.0 = Release|Any CPU
		{A0C2421A-869E-4B9E-99B0-FF769041BD5C}.Ad-Hoc|ARM.ActiveCfg = Release|Any CPU
		{A0C2421A-869E-4B9E-99B0-FF769041BD5C}.Ad-Hoc|ARM.Build.0 = Release|Any CPU
		{A0C2421A-869E-4B9E-99B0-FF769041BD5C}.Ad-Hoc|ARM.Deploy.0 = Release|Any CPU
		{A0C2421A-869E-4B9E-99B0-FF769041BD5C}.Ad-Hoc|iPhone.ActiveCfg = Release|Any CPU
		{A0C2421A-869E-4B9E-99B0-FF769041BD5C}.Ad-Hoc|iPhone.Build.0 = Release|Any CPU
		{A0C2421A-869E-4B9E-99B0-FF769041BD5C}.Ad-Hoc|iPhone.Deploy.0 = Release|Any CPU
		{A0C2421A-869E-4B9E-99B0-FF769041BD5C}.Ad-Hoc|iPhoneSimulator.ActiveCfg = Release|Any CPU
		{A0C2421A-869E-4B9E-99B0-FF769041BD5C}.Ad-Hoc|iPhoneSimulator.Build.0 = Release|Any CPU
		{A0C2421A-869E-4B9E-99B0-FF769041BD5C}.Ad-Hoc|iPhoneSimulator.Deploy.0 = Release|Any CPU
		{A0C2421A-869E-4B9E-99B0-FF769041BD5C}.Ad-Hoc|x64.ActiveCfg = Release|Any CPU
		{A0C2421A-869E-4B9E-99B0-FF769041BD5C}.Ad-Hoc|x64.Build.0 = Release|Any CPU
		{A0C2421A-869E-4B9E-99B0-FF769041BD5C}.Ad-Hoc|x64.Deploy.0 = Release|Any CPU
		{A0C2421A-869E-4B9E-99B0-FF769041BD5C}.Ad-Hoc|x86.ActiveCfg = Release|Any CPU
		{A0C2421A-869E-4B9E-99B0-FF769041BD5C}.Ad-Hoc|x86.Build.0 = Release|Any CPU
		{A0C2421A-869E-4B9E-99B0-FF769041BD5C}.Ad-Hoc|x86.Deploy.0 = Release|Any CPU
		{A0C2421A-869E-4B9E-99B0-FF769041BD5C}.AppStore|Any CPU.ActiveCfg = Release|Any CPU
		{A0C2421A-869E-4B9E-99B0-FF769041BD5C}.AppStore|Any CPU.Build.0 = Release|Any CPU
		{A0C2421A-869E-4B9E-99B0-FF769041BD5C}.AppStore|Any CPU.Deploy.0 = Release|Any CPU
		{A0C2421A-869E-4B9E-99B0-FF769041BD5C}.AppStore|ARM.ActiveCfg = Release|Any CPU
		{A0C2421A-869E-4B9E-99B0-FF769041BD5C}.AppStore|ARM.Build.0 = Release|Any CPU
		{A0C2421A-869E-4B9E-99B0-FF769041BD5C}.AppStore|ARM.Deploy.0 = Release|Any CPU
		{A0C2421A-869E-4B9E-99B0-FF769041BD5C}.AppStore|iPhone.ActiveCfg = Release|Any CPU
		{A0C2421A-869E-4B9E-99B0-FF769041BD5C}.AppStore|iPhone.Build.0 = Release|Any CPU
		{A0C2421A-869E-4B9E-99B0-FF769041BD5C}.AppStore|iPhone.Deploy.0 = Release|Any CPU
		{A0C2421A-869E-4B9E-99B0-FF769041BD5C}.AppStore|iPhoneSimulator.ActiveCfg = Release|Any CPU
		{A0C2421A-869E-4B9E-99B0-FF769041BD5C}.AppStore|iPhoneSimulator.Build.0 = Release|Any CPU
		{A0C2421A-869E-4B9E-99B0-FF769041BD5C}.AppStore|iPhoneSimulator.Deploy.0 = Release|Any CPU
		{A0C2421A-869E-4B9E-99B0-FF769041BD5C}.AppStore|x64.ActiveCfg = Release|Any CPU
		{A0C2421A-869E-4B9E-99B0-FF769041BD5C}.AppStore|x64.Build.0 = Release|Any CPU
		{A0C2421A-869E-4B9E-99B0-FF769041BD5C}.AppStore|x64.Deploy.0 = Release|Any CPU
		{A0C2421A-869E-4B9E-99B0-FF769041BD5C}.AppStore|x86.ActiveCfg = Release|Any CPU
		{A0C2421A-869E-4B9E-99B0-FF769041BD5C}.AppStore|x86.Build.0 = Release|Any CPU
		{A0C2421A-869E-4B9E-99B0-FF769041BD5C}.AppStore|x86.Deploy.0 = Release|Any CPU
		{A0C2421A-869E-4B9E-99B0-FF769041BD5C}.Debug|Any CPU.ActiveCfg = Debug|Any CPU
		{A0C2421A-869E-4B9E-99B0-FF769041BD5C}.Debug|Any CPU.Build.0 = Debug|Any CPU
		{A0C2421A-869E-4B9E-99B0-FF769041BD5C}.Debug|Any CPU.Deploy.0 = Debug|Any CPU
		{A0C2421A-869E-4B9E-99B0-FF769041BD5C}.Debug|ARM.ActiveCfg = Debug|Any CPU
		{A0C2421A-869E-4B9E-99B0-FF769041BD5C}.Debug|ARM.Build.0 = Debug|Any CPU
		{A0C2421A-869E-4B9E-99B0-FF769041BD5C}.Debug|ARM.Deploy.0 = Debug|Any CPU
		{A0C2421A-869E-4B9E-99B0-FF769041BD5C}.Debug|iPhone.ActiveCfg = Debug|Any CPU
		{A0C2421A-869E-4B9E-99B0-FF769041BD5C}.Debug|iPhone.Build.0 = Debug|Any CPU
		{A0C2421A-869E-4B9E-99B0-FF769041BD5C}.Debug|iPhone.Deploy.0 = Debug|Any CPU
		{A0C2421A-869E-4B9E-99B0-FF769041BD5C}.Debug|iPhoneSimulator.ActiveCfg = Debug|Any CPU
		{A0C2421A-869E-4B9E-99B0-FF769041BD5C}.Debug|iPhoneSimulator.Build.0 = Debug|Any CPU
		{A0C2421A-869E-4B9E-99B0-FF769041BD5C}.Debug|iPhoneSimulator.Deploy.0 = Debug|Any CPU
		{A0C2421A-869E-4B9E-99B0-FF769041BD5C}.Debug|x64.ActiveCfg = Debug|Any CPU
		{A0C2421A-869E-4B9E-99B0-FF769041BD5C}.Debug|x64.Build.0 = Debug|Any CPU
		{A0C2421A-869E-4B9E-99B0-FF769041BD5C}.Debug|x64.Deploy.0 = Debug|Any CPU
		{A0C2421A-869E-4B9E-99B0-FF769041BD5C}.Debug|x86.ActiveCfg = Debug|Any CPU
		{A0C2421A-869E-4B9E-99B0-FF769041BD5C}.Debug|x86.Build.0 = Debug|Any CPU
		{A0C2421A-869E-4B9E-99B0-FF769041BD5C}.Debug|x86.Deploy.0 = Debug|Any CPU
		{A0C2421A-869E-4B9E-99B0-FF769041BD5C}.Release|Any CPU.ActiveCfg = Release|Any CPU
		{A0C2421A-869E-4B9E-99B0-FF769041BD5C}.Release|Any CPU.Build.0 = Release|Any CPU
		{A0C2421A-869E-4B9E-99B0-FF769041BD5C}.Release|Any CPU.Deploy.0 = Release|Any CPU
		{A0C2421A-869E-4B9E-99B0-FF769041BD5C}.Release|ARM.ActiveCfg = Release|Any CPU
		{A0C2421A-869E-4B9E-99B0-FF769041BD5C}.Release|ARM.Build.0 = Release|Any CPU
		{A0C2421A-869E-4B9E-99B0-FF769041BD5C}.Release|ARM.Deploy.0 = Release|Any CPU
		{A0C2421A-869E-4B9E-99B0-FF769041BD5C}.Release|iPhone.ActiveCfg = Release|Any CPU
		{A0C2421A-869E-4B9E-99B0-FF769041BD5C}.Release|iPhone.Build.0 = Release|Any CPU
		{A0C2421A-869E-4B9E-99B0-FF769041BD5C}.Release|iPhone.Deploy.0 = Release|Any CPU
		{A0C2421A-869E-4B9E-99B0-FF769041BD5C}.Release|iPhoneSimulator.ActiveCfg = Release|Any CPU
		{A0C2421A-869E-4B9E-99B0-FF769041BD5C}.Release|iPhoneSimulator.Build.0 = Release|Any CPU
		{A0C2421A-869E-4B9E-99B0-FF769041BD5C}.Release|iPhoneSimulator.Deploy.0 = Release|Any CPU
		{A0C2421A-869E-4B9E-99B0-FF769041BD5C}.Release|x64.ActiveCfg = Release|Any CPU
		{A0C2421A-869E-4B9E-99B0-FF769041BD5C}.Release|x64.Build.0 = Release|Any CPU
		{A0C2421A-869E-4B9E-99B0-FF769041BD5C}.Release|x64.Deploy.0 = Release|Any CPU
		{A0C2421A-869E-4B9E-99B0-FF769041BD5C}.Release|x86.ActiveCfg = Release|Any CPU
		{A0C2421A-869E-4B9E-99B0-FF769041BD5C}.Release|x86.Build.0 = Release|Any CPU
		{A0C2421A-869E-4B9E-99B0-FF769041BD5C}.Release|x86.Deploy.0 = Release|Any CPU
		{DA274A91-8BF0-4780-97F6-FD3977D4664C}.Ad-Hoc|Any CPU.ActiveCfg = Ad-Hoc|iPhone
		{DA274A91-8BF0-4780-97F6-FD3977D4664C}.Ad-Hoc|Any CPU.Build.0 = Ad-Hoc|iPhone
		{DA274A91-8BF0-4780-97F6-FD3977D4664C}.Ad-Hoc|Any CPU.Deploy.0 = Ad-Hoc|iPhone
		{DA274A91-8BF0-4780-97F6-FD3977D4664C}.Ad-Hoc|ARM.ActiveCfg = Ad-Hoc|iPhone
		{DA274A91-8BF0-4780-97F6-FD3977D4664C}.Ad-Hoc|ARM.Build.0 = Ad-Hoc|iPhone
		{DA274A91-8BF0-4780-97F6-FD3977D4664C}.Ad-Hoc|ARM.Deploy.0 = Ad-Hoc|iPhone
		{DA274A91-8BF0-4780-97F6-FD3977D4664C}.Ad-Hoc|iPhone.ActiveCfg = Ad-Hoc|iPhone
		{DA274A91-8BF0-4780-97F6-FD3977D4664C}.Ad-Hoc|iPhone.Build.0 = Ad-Hoc|iPhone
		{DA274A91-8BF0-4780-97F6-FD3977D4664C}.Ad-Hoc|iPhone.Deploy.0 = Ad-Hoc|iPhone
		{DA274A91-8BF0-4780-97F6-FD3977D4664C}.Ad-Hoc|iPhoneSimulator.ActiveCfg = Ad-Hoc|iPhoneSimulator
		{DA274A91-8BF0-4780-97F6-FD3977D4664C}.Ad-Hoc|iPhoneSimulator.Build.0 = Ad-Hoc|iPhoneSimulator
		{DA274A91-8BF0-4780-97F6-FD3977D4664C}.Ad-Hoc|iPhoneSimulator.Deploy.0 = Ad-Hoc|iPhoneSimulator
		{DA274A91-8BF0-4780-97F6-FD3977D4664C}.Ad-Hoc|x64.ActiveCfg = Ad-Hoc|iPhone
		{DA274A91-8BF0-4780-97F6-FD3977D4664C}.Ad-Hoc|x64.Build.0 = Ad-Hoc|iPhone
		{DA274A91-8BF0-4780-97F6-FD3977D4664C}.Ad-Hoc|x64.Deploy.0 = Ad-Hoc|iPhone
		{DA274A91-8BF0-4780-97F6-FD3977D4664C}.Ad-Hoc|x86.ActiveCfg = Ad-Hoc|iPhone
		{DA274A91-8BF0-4780-97F6-FD3977D4664C}.Ad-Hoc|x86.Build.0 = Ad-Hoc|iPhone
		{DA274A91-8BF0-4780-97F6-FD3977D4664C}.Ad-Hoc|x86.Deploy.0 = Ad-Hoc|iPhone
		{DA274A91-8BF0-4780-97F6-FD3977D4664C}.AppStore|Any CPU.ActiveCfg = AppStore|iPhone
		{DA274A91-8BF0-4780-97F6-FD3977D4664C}.AppStore|Any CPU.Build.0 = AppStore|iPhone
		{DA274A91-8BF0-4780-97F6-FD3977D4664C}.AppStore|Any CPU.Deploy.0 = AppStore|iPhone
		{DA274A91-8BF0-4780-97F6-FD3977D4664C}.AppStore|ARM.ActiveCfg = AppStore|iPhone
		{DA274A91-8BF0-4780-97F6-FD3977D4664C}.AppStore|ARM.Build.0 = AppStore|iPhone
		{DA274A91-8BF0-4780-97F6-FD3977D4664C}.AppStore|ARM.Deploy.0 = AppStore|iPhone
		{DA274A91-8BF0-4780-97F6-FD3977D4664C}.AppStore|iPhone.ActiveCfg = AppStore|iPhone
		{DA274A91-8BF0-4780-97F6-FD3977D4664C}.AppStore|iPhone.Build.0 = AppStore|iPhone
		{DA274A91-8BF0-4780-97F6-FD3977D4664C}.AppStore|iPhone.Deploy.0 = AppStore|iPhone
		{DA274A91-8BF0-4780-97F6-FD3977D4664C}.AppStore|iPhoneSimulator.ActiveCfg = AppStore|iPhoneSimulator
		{DA274A91-8BF0-4780-97F6-FD3977D4664C}.AppStore|iPhoneSimulator.Build.0 = AppStore|iPhoneSimulator
		{DA274A91-8BF0-4780-97F6-FD3977D4664C}.AppStore|iPhoneSimulator.Deploy.0 = AppStore|iPhoneSimulator
		{DA274A91-8BF0-4780-97F6-FD3977D4664C}.AppStore|x64.ActiveCfg = AppStore|iPhone
		{DA274A91-8BF0-4780-97F6-FD3977D4664C}.AppStore|x64.Build.0 = AppStore|iPhone
		{DA274A91-8BF0-4780-97F6-FD3977D4664C}.AppStore|x64.Deploy.0 = AppStore|iPhone
		{DA274A91-8BF0-4780-97F6-FD3977D4664C}.AppStore|x86.ActiveCfg = AppStore|iPhone
		{DA274A91-8BF0-4780-97F6-FD3977D4664C}.AppStore|x86.Build.0 = AppStore|iPhone
		{DA274A91-8BF0-4780-97F6-FD3977D4664C}.AppStore|x86.Deploy.0 = AppStore|iPhone
		{DA274A91-8BF0-4780-97F6-FD3977D4664C}.Debug|Any CPU.ActiveCfg = Debug|iPhoneSimulator
		{DA274A91-8BF0-4780-97F6-FD3977D4664C}.Debug|Any CPU.Build.0 = Debug|iPhoneSimulator
		{DA274A91-8BF0-4780-97F6-FD3977D4664C}.Debug|Any CPU.Deploy.0 = Debug|iPhoneSimulator
		{DA274A91-8BF0-4780-97F6-FD3977D4664C}.Debug|ARM.ActiveCfg = Debug|iPhone
		{DA274A91-8BF0-4780-97F6-FD3977D4664C}.Debug|ARM.Build.0 = Debug|iPhone
		{DA274A91-8BF0-4780-97F6-FD3977D4664C}.Debug|ARM.Deploy.0 = Debug|iPhone
		{DA274A91-8BF0-4780-97F6-FD3977D4664C}.Debug|iPhone.ActiveCfg = Debug|iPhone
		{DA274A91-8BF0-4780-97F6-FD3977D4664C}.Debug|iPhone.Build.0 = Debug|iPhone
		{DA274A91-8BF0-4780-97F6-FD3977D4664C}.Debug|iPhone.Deploy.0 = Debug|iPhone
		{DA274A91-8BF0-4780-97F6-FD3977D4664C}.Debug|iPhoneSimulator.ActiveCfg = Debug|iPhoneSimulator
		{DA274A91-8BF0-4780-97F6-FD3977D4664C}.Debug|iPhoneSimulator.Build.0 = Debug|iPhoneSimulator
		{DA274A91-8BF0-4780-97F6-FD3977D4664C}.Debug|iPhoneSimulator.Deploy.0 = Debug|iPhoneSimulator
		{DA274A91-8BF0-4780-97F6-FD3977D4664C}.Debug|x64.ActiveCfg = Debug|iPhone
		{DA274A91-8BF0-4780-97F6-FD3977D4664C}.Debug|x64.Build.0 = Debug|iPhone
		{DA274A91-8BF0-4780-97F6-FD3977D4664C}.Debug|x64.Deploy.0 = Debug|iPhone
		{DA274A91-8BF0-4780-97F6-FD3977D4664C}.Debug|x86.ActiveCfg = Debug|iPhone
		{DA274A91-8BF0-4780-97F6-FD3977D4664C}.Debug|x86.Build.0 = Debug|iPhone
		{DA274A91-8BF0-4780-97F6-FD3977D4664C}.Debug|x86.Deploy.0 = Debug|iPhone
		{DA274A91-8BF0-4780-97F6-FD3977D4664C}.Release|Any CPU.ActiveCfg = Release|iPhone
		{DA274A91-8BF0-4780-97F6-FD3977D4664C}.Release|Any CPU.Build.0 = Release|iPhone
		{DA274A91-8BF0-4780-97F6-FD3977D4664C}.Release|Any CPU.Deploy.0 = Release|iPhone
		{DA274A91-8BF0-4780-97F6-FD3977D4664C}.Release|ARM.ActiveCfg = Release|iPhone
		{DA274A91-8BF0-4780-97F6-FD3977D4664C}.Release|ARM.Build.0 = Release|iPhone
		{DA274A91-8BF0-4780-97F6-FD3977D4664C}.Release|ARM.Deploy.0 = Release|iPhone
		{DA274A91-8BF0-4780-97F6-FD3977D4664C}.Release|iPhone.ActiveCfg = Release|iPhone
		{DA274A91-8BF0-4780-97F6-FD3977D4664C}.Release|iPhone.Build.0 = Release|iPhone
		{DA274A91-8BF0-4780-97F6-FD3977D4664C}.Release|iPhone.Deploy.0 = Release|iPhone
		{DA274A91-8BF0-4780-97F6-FD3977D4664C}.Release|iPhoneSimulator.ActiveCfg = Release|iPhoneSimulator
		{DA274A91-8BF0-4780-97F6-FD3977D4664C}.Release|iPhoneSimulator.Build.0 = Release|iPhoneSimulator
		{DA274A91-8BF0-4780-97F6-FD3977D4664C}.Release|iPhoneSimulator.Deploy.0 = Release|iPhoneSimulator
		{DA274A91-8BF0-4780-97F6-FD3977D4664C}.Release|x64.ActiveCfg = Release|iPhone
		{DA274A91-8BF0-4780-97F6-FD3977D4664C}.Release|x64.Build.0 = Release|iPhone
		{DA274A91-8BF0-4780-97F6-FD3977D4664C}.Release|x64.Deploy.0 = Release|iPhone
		{DA274A91-8BF0-4780-97F6-FD3977D4664C}.Release|x86.ActiveCfg = Release|iPhone
		{DA274A91-8BF0-4780-97F6-FD3977D4664C}.Release|x86.Build.0 = Release|iPhone
		{DA274A91-8BF0-4780-97F6-FD3977D4664C}.Release|x86.Deploy.0 = Release|iPhone
		{D706BB8F-1FCB-4C85-9857-3C28C223F2FC}.Ad-Hoc|Any CPU.ActiveCfg = Release|x86
		{D706BB8F-1FCB-4C85-9857-3C28C223F2FC}.Ad-Hoc|Any CPU.Build.0 = Release|x86
		{D706BB8F-1FCB-4C85-9857-3C28C223F2FC}.Ad-Hoc|Any CPU.Deploy.0 = Release|x86
		{D706BB8F-1FCB-4C85-9857-3C28C223F2FC}.Ad-Hoc|ARM.ActiveCfg = Release|ARM
		{D706BB8F-1FCB-4C85-9857-3C28C223F2FC}.Ad-Hoc|ARM.Build.0 = Release|ARM
		{D706BB8F-1FCB-4C85-9857-3C28C223F2FC}.Ad-Hoc|ARM.Deploy.0 = Release|ARM
		{D706BB8F-1FCB-4C85-9857-3C28C223F2FC}.Ad-Hoc|iPhone.ActiveCfg = Release|x86
		{D706BB8F-1FCB-4C85-9857-3C28C223F2FC}.Ad-Hoc|iPhone.Build.0 = Release|x86
		{D706BB8F-1FCB-4C85-9857-3C28C223F2FC}.Ad-Hoc|iPhone.Deploy.0 = Release|x86
		{D706BB8F-1FCB-4C85-9857-3C28C223F2FC}.Ad-Hoc|iPhoneSimulator.ActiveCfg = Release|x86
		{D706BB8F-1FCB-4C85-9857-3C28C223F2FC}.Ad-Hoc|iPhoneSimulator.Build.0 = Release|x86
		{D706BB8F-1FCB-4C85-9857-3C28C223F2FC}.Ad-Hoc|iPhoneSimulator.Deploy.0 = Release|x86
		{D706BB8F-1FCB-4C85-9857-3C28C223F2FC}.Ad-Hoc|x64.ActiveCfg = Release|x64
		{D706BB8F-1FCB-4C85-9857-3C28C223F2FC}.Ad-Hoc|x64.Build.0 = Release|x64
		{D706BB8F-1FCB-4C85-9857-3C28C223F2FC}.Ad-Hoc|x64.Deploy.0 = Release|x64
		{D706BB8F-1FCB-4C85-9857-3C28C223F2FC}.Ad-Hoc|x86.ActiveCfg = Release|x86
		{D706BB8F-1FCB-4C85-9857-3C28C223F2FC}.Ad-Hoc|x86.Build.0 = Release|x86
		{D706BB8F-1FCB-4C85-9857-3C28C223F2FC}.Ad-Hoc|x86.Deploy.0 = Release|x86
		{D706BB8F-1FCB-4C85-9857-3C28C223F2FC}.AppStore|Any CPU.ActiveCfg = Release|x86
		{D706BB8F-1FCB-4C85-9857-3C28C223F2FC}.AppStore|Any CPU.Build.0 = Release|x86
		{D706BB8F-1FCB-4C85-9857-3C28C223F2FC}.AppStore|Any CPU.Deploy.0 = Release|x86
		{D706BB8F-1FCB-4C85-9857-3C28C223F2FC}.AppStore|ARM.ActiveCfg = Release|ARM
		{D706BB8F-1FCB-4C85-9857-3C28C223F2FC}.AppStore|ARM.Build.0 = Release|ARM
		{D706BB8F-1FCB-4C85-9857-3C28C223F2FC}.AppStore|ARM.Deploy.0 = Release|ARM
		{D706BB8F-1FCB-4C85-9857-3C28C223F2FC}.AppStore|iPhone.ActiveCfg = Release|x86
		{D706BB8F-1FCB-4C85-9857-3C28C223F2FC}.AppStore|iPhone.Build.0 = Release|x86
		{D706BB8F-1FCB-4C85-9857-3C28C223F2FC}.AppStore|iPhone.Deploy.0 = Release|x86
		{D706BB8F-1FCB-4C85-9857-3C28C223F2FC}.AppStore|iPhoneSimulator.ActiveCfg = Release|x86
		{D706BB8F-1FCB-4C85-9857-3C28C223F2FC}.AppStore|iPhoneSimulator.Build.0 = Release|x86
		{D706BB8F-1FCB-4C85-9857-3C28C223F2FC}.AppStore|iPhoneSimulator.Deploy.0 = Release|x86
		{D706BB8F-1FCB-4C85-9857-3C28C223F2FC}.AppStore|x64.ActiveCfg = Release|x64
		{D706BB8F-1FCB-4C85-9857-3C28C223F2FC}.AppStore|x64.Build.0 = Release|x64
		{D706BB8F-1FCB-4C85-9857-3C28C223F2FC}.AppStore|x64.Deploy.0 = Release|x64
		{D706BB8F-1FCB-4C85-9857-3C28C223F2FC}.AppStore|x86.ActiveCfg = Release|x86
		{D706BB8F-1FCB-4C85-9857-3C28C223F2FC}.AppStore|x86.Build.0 = Release|x86
		{D706BB8F-1FCB-4C85-9857-3C28C223F2FC}.AppStore|x86.Deploy.0 = Release|x86
		{D706BB8F-1FCB-4C85-9857-3C28C223F2FC}.Debug|Any CPU.ActiveCfg = Debug|x86
		{D706BB8F-1FCB-4C85-9857-3C28C223F2FC}.Debug|Any CPU.Build.0 = Debug|x86
		{D706BB8F-1FCB-4C85-9857-3C28C223F2FC}.Debug|Any CPU.Deploy.0 = Debug|x86
		{D706BB8F-1FCB-4C85-9857-3C28C223F2FC}.Debug|ARM.ActiveCfg = Debug|ARM
		{D706BB8F-1FCB-4C85-9857-3C28C223F2FC}.Debug|ARM.Build.0 = Debug|ARM
		{D706BB8F-1FCB-4C85-9857-3C28C223F2FC}.Debug|ARM.Deploy.0 = Debug|ARM
		{D706BB8F-1FCB-4C85-9857-3C28C223F2FC}.Debug|iPhone.ActiveCfg = Debug|x86
		{D706BB8F-1FCB-4C85-9857-3C28C223F2FC}.Debug|iPhone.Build.0 = Debug|x86
		{D706BB8F-1FCB-4C85-9857-3C28C223F2FC}.Debug|iPhone.Deploy.0 = Debug|x86
		{D706BB8F-1FCB-4C85-9857-3C28C223F2FC}.Debug|iPhoneSimulator.ActiveCfg = Debug|x86
		{D706BB8F-1FCB-4C85-9857-3C28C223F2FC}.Debug|iPhoneSimulator.Build.0 = Debug|x86
		{D706BB8F-1FCB-4C85-9857-3C28C223F2FC}.Debug|iPhoneSimulator.Deploy.0 = Debug|x86
		{D706BB8F-1FCB-4C85-9857-3C28C223F2FC}.Debug|x64.ActiveCfg = Debug|x64
		{D706BB8F-1FCB-4C85-9857-3C28C223F2FC}.Debug|x64.Build.0 = Debug|x64
		{D706BB8F-1FCB-4C85-9857-3C28C223F2FC}.Debug|x64.Deploy.0 = Debug|x64
		{D706BB8F-1FCB-4C85-9857-3C28C223F2FC}.Debug|x86.ActiveCfg = Debug|x86
		{D706BB8F-1FCB-4C85-9857-3C28C223F2FC}.Debug|x86.Build.0 = Debug|x86
		{D706BB8F-1FCB-4C85-9857-3C28C223F2FC}.Debug|x86.Deploy.0 = Debug|x86
		{D706BB8F-1FCB-4C85-9857-3C28C223F2FC}.Release|Any CPU.ActiveCfg = Release|x86
		{D706BB8F-1FCB-4C85-9857-3C28C223F2FC}.Release|Any CPU.Build.0 = Release|x86
		{D706BB8F-1FCB-4C85-9857-3C28C223F2FC}.Release|Any CPU.Deploy.0 = Release|x86
		{D706BB8F-1FCB-4C85-9857-3C28C223F2FC}.Release|ARM.ActiveCfg = Release|ARM
		{D706BB8F-1FCB-4C85-9857-3C28C223F2FC}.Release|ARM.Build.0 = Release|ARM
		{D706BB8F-1FCB-4C85-9857-3C28C223F2FC}.Release|ARM.Deploy.0 = Release|ARM
		{D706BB8F-1FCB-4C85-9857-3C28C223F2FC}.Release|iPhone.ActiveCfg = Release|x86
		{D706BB8F-1FCB-4C85-9857-3C28C223F2FC}.Release|iPhone.Build.0 = Release|x86
		{D706BB8F-1FCB-4C85-9857-3C28C223F2FC}.Release|iPhone.Deploy.0 = Release|x86
		{D706BB8F-1FCB-4C85-9857-3C28C223F2FC}.Release|iPhoneSimulator.ActiveCfg = Release|x86
		{D706BB8F-1FCB-4C85-9857-3C28C223F2FC}.Release|iPhoneSimulator.Build.0 = Release|x86
		{D706BB8F-1FCB-4C85-9857-3C28C223F2FC}.Release|iPhoneSimulator.Deploy.0 = Release|x86
		{D706BB8F-1FCB-4C85-9857-3C28C223F2FC}.Release|x64.ActiveCfg = Release|x64
		{D706BB8F-1FCB-4C85-9857-3C28C223F2FC}.Release|x64.Build.0 = Release|x64
		{D706BB8F-1FCB-4C85-9857-3C28C223F2FC}.Release|x64.Deploy.0 = Release|x64
		{D706BB8F-1FCB-4C85-9857-3C28C223F2FC}.Release|x86.ActiveCfg = Release|x86
		{D706BB8F-1FCB-4C85-9857-3C28C223F2FC}.Release|x86.Build.0 = Release|x86
		{D706BB8F-1FCB-4C85-9857-3C28C223F2FC}.Release|x86.Deploy.0 = Release|x86
	EndGlobalSection
	GlobalSection(SolutionProperties) = preSolution
		HideSolutionNode = FALSE
	EndGlobalSection
	GlobalSection(ExtensibilityGlobals) = postSolution
		SolutionGuid = {9363CD39-23CD-42EB-8A7A-F6B6DA1B3137}
	EndGlobalSection
EndGlobal
